
Microsoft Visual Studio Solution File, Format Version 12.00
# Visual Studio Version 17
VisualStudioVersion = 17.5.33627.172
MinimumVisualStudioVersion = 10.0.40219.1
Project("{9A19103F-16F7-4668-BE54-9A1E7A4F7556}") = "IS.ScaleModelsShop.API", "IS.ScaleModelsShop.API.csproj", "{C76DF2C2-D83A-4475-B22F-46E42454FAB6}"
EndProject
Project("{2150E333-8FDC-42A3-9474-1A3956D46DE8}") = "Domain", "Domain", "{ABAF31D8-0B16-4C70-96B5-B54B5CF104A2}"
EndProject
Project("{9A19103F-16F7-4668-BE54-9A1E7A4F7556}") = "IS.ScaleModelsShop.Domain", "..\IS.ScaleModelsShop.Domain\IS.ScaleModelsShop.Domain.csproj", "{B64C12C9-F875-43F4-A737-BC596631C724}"
EndProject
Project("{2150E333-8FDC-42A3-9474-1A3956D46DE8}") = "API", "API", "{A640C655-EDE3-4BB4-AD32-FF773A12F89C}"
EndProject
Project("{2150E333-8FDC-42A3-9474-1A3956D46DE8}") = "Application", "Application", "{3C3BDB08-442F-4C08-A285-0E0B064AD7A6}"
EndProject
Project("{9A19103F-16F7-4668-BE54-9A1E7A4F7556}") = "IS.ScaleModelsShop.Application", "..\IS.ScaleModelsShop.Application\IS.ScaleModelsShop.Application.csproj", "{DEB24B7B-9A40-40D4-BE44-364AB7D14729}"
EndProject
Project("{2150E333-8FDC-42A3-9474-1A3956D46DE8}") = "Infrastructure", "Infrastructure", "{0CE7FF99-9E81-4D03-BF8C-513774B421EF}"
EndProject
Project("{9A19103F-16F7-4668-BE54-9A1E7A4F7556}") = "IS.ScaleModelsShop.Infrastructure", "..\IS.ScaleModelsShop.Infrastructure\IS.ScaleModelsShop.Infrastructure.csproj", "{E88C49B0-AFDE-4416-81E1-7476E4B25BCF}"
EndProject
Project("{9A19103F-16F7-4668-BE54-9A1E7A4F7556}") = "IS.ScaleModelsShop.API.UnitTests", "..\IS.ScaleModelsShop.API.UnitTests\IS.ScaleModelsShop.API.UnitTests.csproj", "{75CE00A2-E3EE-4A82-AEA6-D7446174C6F3}"
EndProject
Project("{9A19103F-16F7-4668-BE54-9A1E7A4F7556}") = "IS.ScaleModelsShop.Application.UnitTests", "..\IS.ScaleModelsShop.Application.UnitTests\IS.ScaleModelsShop.Application.UnitTests.csproj", "{75C5F2AB-D70C-4137-A383-3E65F953BC38}"
EndProject
Project("{9A19103F-16F7-4668-BE54-9A1E7A4F7556}") = "IS.ScaleModelsShop.Infrastructure.UnitTests", "..\IS.ScaleModelsShop.Infrastructure.UnitTests\IS.ScaleModelsShop.Infrastructure.UnitTests.csproj", "{BB3E2001-8FDF-4558-BD4A-B67CCC457022}"
EndProject
Global
	GlobalSection(SolutionConfigurationPlatforms) = preSolution
		Debug|Any CPU = Debug|Any CPU
		Release|Any CPU = Release|Any CPU
	EndGlobalSection
	GlobalSection(ProjectConfigurationPlatforms) = postSolution
		{C76DF2C2-D83A-4475-B22F-46E42454FAB6}.Debug|Any CPU.ActiveCfg = Debug|Any CPU
		{C76DF2C2-D83A-4475-B22F-46E42454FAB6}.Debug|Any CPU.Build.0 = Debug|Any CPU
		{C76DF2C2-D83A-4475-B22F-46E42454FAB6}.Release|Any CPU.ActiveCfg = Release|Any CPU
		{C76DF2C2-D83A-4475-B22F-46E42454FAB6}.Release|Any CPU.Build.0 = Release|Any CPU
		{B64C12C9-F875-43F4-A737-BC596631C724}.Debug|Any CPU.ActiveCfg = Debug|Any CPU
		{B64C12C9-F875-43F4-A737-BC596631C724}.Debug|Any CPU.Build.0 = Debug|Any CPU
		{B64C12C9-F875-43F4-A737-BC596631C724}.Release|Any CPU.ActiveCfg = Release|Any CPU
		{B64C12C9-F875-43F4-A737-BC596631C724}.Release|Any CPU.Build.0 = Release|Any CPU
		{DEB24B7B-9A40-40D4-BE44-364AB7D14729}.Debug|Any CPU.ActiveCfg = Debug|Any CPU
		{DEB24B7B-9A40-40D4-BE44-364AB7D14729}.Debug|Any CPU.Build.0 = Debug|Any CPU
		{DEB24B7B-9A40-40D4-BE44-364AB7D14729}.Release|Any CPU.ActiveCfg = Release|Any CPU
		{DEB24B7B-9A40-40D4-BE44-364AB7D14729}.Release|Any CPU.Build.0 = Release|Any CPU
		{E88C49B0-AFDE-4416-81E1-7476E4B25BCF}.Debug|Any CPU.ActiveCfg = Debug|Any CPU
		{E88C49B0-AFDE-4416-81E1-7476E4B25BCF}.Debug|Any CPU.Build.0 = Debug|Any CPU
		{E88C49B0-AFDE-4416-81E1-7476E4B25BCF}.Release|Any CPU.ActiveCfg = Release|Any CPU
		{E88C49B0-AFDE-4416-81E1-7476E4B25BCF}.Release|Any CPU.Build.0 = Release|Any CPU
		{75CE00A2-E3EE-4A82-AEA6-D7446174C6F3}.Debug|Any CPU.ActiveCfg = Debug|Any CPU
		{75CE00A2-E3EE-4A82-AEA6-D7446174C6F3}.Debug|Any CPU.Build.0 = Debug|Any CPU
		{75CE00A2-E3EE-4A82-AEA6-D7446174C6F3}.Release|Any CPU.ActiveCfg = Release|Any CPU
		{75CE00A2-E3EE-4A82-AEA6-D7446174C6F3}.Release|Any CPU.Build.0 = Release|Any CPU
		{75C5F2AB-D70C-4137-A383-3E65F953BC38}.Debug|Any CPU.ActiveCfg = Debug|Any CPU
		{75C5F2AB-D70C-4137-A383-3E65F953BC38}.Debug|Any CPU.Build.0 = Debug|Any CPU
		{75C5F2AB-D70C-4137-A383-3E65F953BC38}.Release|Any CPU.ActiveCfg = Release|Any CPU
		{75C5F2AB-D70C-4137-A383-3E65F953BC38}.Release|Any CPU.Build.0 = Release|Any CPU
		{BB3E2001-8FDF-4558-BD4A-B67CCC457022}.Debug|Any CPU.ActiveCfg = Debug|Any CPU
		{BB3E2001-8FDF-4558-BD4A-B67CCC457022}.Debug|Any CPU.Build.0 = Debug|Any CPU
		{BB3E2001-8FDF-4558-BD4A-B67CCC457022}.Release|Any CPU.ActiveCfg = Release|Any CPU
		{BB3E2001-8FDF-4558-BD4A-B67CCC457022}.Release|Any CPU.Build.0 = Release|Any CPU
	EndGlobalSection
	GlobalSection(SolutionProperties) = preSolution
		HideSolutionNode = FALSE
	EndGlobalSection
	GlobalSection(NestedProjects) = preSolution
		{C76DF2C2-D83A-4475-B22F-46E42454FAB6} = {A640C655-EDE3-4BB4-AD32-FF773A12F89C}
		{B64C12C9-F875-43F4-A737-BC596631C724} = {ABAF31D8-0B16-4C70-96B5-B54B5CF104A2}
		{DEB24B7B-9A40-40D4-BE44-364AB7D14729} = {3C3BDB08-442F-4C08-A285-0E0B064AD7A6}
		{E88C49B0-AFDE-4416-81E1-7476E4B25BCF} = {0CE7FF99-9E81-4D03-BF8C-513774B421EF}
		{75CE00A2-E3EE-4A82-AEA6-D7446174C6F3} = {A640C655-EDE3-4BB4-AD32-FF773A12F89C}
		{75C5F2AB-D70C-4137-A383-3E65F953BC38} = {3C3BDB08-442F-4C08-A285-0E0B064AD7A6}
		{BB3E2001-8FDF-4558-BD4A-B67CCC457022} = {0CE7FF99-9E81-4D03-BF8C-513774B421EF}
	EndGlobalSection
	GlobalSection(ExtensibilityGlobals) = postSolution
		SolutionGuid = {E2EE27E8-C137-4EAE-B6A4-65482D29E114}
	EndGlobalSection
EndGlobal
